
Microsoft Visual Studio Solution File, Format Version 12.00
# Visual Studio 14
VisualStudioVersion = 14.0.24720.0
MinimumVisualStudioVersion = 10.0.40219.1
Project("{FAE04EC0-301F-11D3-BF4B-00C04F79EFBC}") = "PMCTask", "PMCTask\PMCTask.csproj", "{6F2DE306-4AB4-45DB-AA5E-83825786C42D}"
EndProject
Project("{FAE04EC0-301F-11D3-BF4B-00C04F79EFBC}") = "PMC", "PMC\PMC.csproj", "{BCD6B941-F851-43DC-8C4A-B34329F0B4EB}"
EndProject
Project("{FAE04EC0-301F-11D3-BF4B-00C04F79EFBC}") = "PMCTests", "PMCTests\PMCTests.csproj", "{7ED46A41-BB55-4E15-97B7-6FF6B022E8EC}"
EndProject
Global
	GlobalSection(SolutionConfigurationPlatforms) = preSolution
		Debug|Any CPU = Debug|Any CPU
		Release|Any CPU = Release|Any CPU
	EndGlobalSection
	GlobalSection(ProjectConfigurationPlatforms) = postSolution
		{6F2DE306-4AB4-45DB-AA5E-83825786C42D}.Debug|Any CPU.ActiveCfg = Debug|Any CPU
		{6F2DE306-4AB4-45DB-AA5E-83825786C42D}.Debug|Any CPU.Build.0 = Debug|Any CPU
		{6F2DE306-4AB4-45DB-AA5E-83825786C42D}.Release|Any CPU.ActiveCfg = Release|Any CPU
		{6F2DE306-4AB4-45DB-AA5E-83825786C42D}.Release|Any CPU.Build.0 = Release|Any CPU
		{BCD6B941-F851-43DC-8C4A-B34329F0B4EB}.Debug|Any CPU.ActiveCfg = Debug|Any CPU
		{BCD6B941-F851-43DC-8C4A-B34329F0B4EB}.Debug|Any CPU.Build.0 = Debug|Any CPU
		{BCD6B941-F851-43DC-8C4A-B34329F0B4EB}.Release|Any CPU.ActiveCfg = Release|Any CPU
		{BCD6B941-F851-43DC-8C4A-B34329F0B4EB}.Release|Any CPU.Build.0 = Release|Any CPU
		{7ED46A41-BB55-4E15-97B7-6FF6B022E8EC}.Debug|Any CPU.ActiveCfg = Debug|Any CPU
		{7ED46A41-BB55-4E15-97B7-6FF6B022E8EC}.Debug|Any CPU.Build.0 = Debug|Any CPU
		{7ED46A41-BB55-4E15-97B7-6FF6B022E8EC}.Release|Any CPU.ActiveCfg = Release|Any CPU
		{7ED46A41-BB55-4E15-97B7-6FF6B022E8EC}.Release|Any CPU.Build.0 = Release|Any CPU
	EndGlobalSection
	GlobalSection(SolutionProperties) = preSolution
		HideSolutionNode = FALSE
	EndGlobalSection
EndGlobal
